
Microsoft Visual Studio Solution File, Format Version 12.00
# Visual Studio Version 16
VisualStudioVersion = 16.0.29924.181
MinimumVisualStudioVersion = 10.0.40219.1
Project("{888888A0-9F3D-457C-B088-3A5042F75D52}") = "Python（一）", "Python（一）\Python（一）.pyproj", "{C04E5419-623F-4AC9-85B0-40136CB65AA1}"
EndProject
Global
	GlobalSection(SolutionConfigurationPlatforms) = preSolution
		Debug|Any CPU = Debug|Any CPU
		Release|Any CPU = Release|Any CPU
	EndGlobalSection
	GlobalSection(ProjectConfigurationPlatforms) = postSolution
		{C04E5419-623F-4AC9-85B0-40136CB65AA1}.Debug|Any CPU.ActiveCfg = Debug|Any CPU
		{C04E5419-623F-4AC9-85B0-40136CB65AA1}.Release|Any CPU.ActiveCfg = Release|Any CPU
	EndGlobalSection
	GlobalSection(SolutionProperties) = preSolution
		HideSolutionNode = FALSE
	EndGlobalSection
	GlobalSection(ExtensibilityGlobals) = postSolution
		SolutionGuid = {0B1F952D-6E9B-4AFE-8D2B-02A804FE7800}
	EndGlobalSection
EndGlobal
